// !$*UTF8*$!
{
	archiveVersion = 1;
	classes = {
	};
	objectVersion = 46;
	objects = {

/* Begin PBXBuildFile section */
		1E019801135AECD00053A16C /* Foro.m in Sources */ = {isa = PBXBuildFile; fileRef = 1E019800135AECD00053A16C /* Foro.m */; };
		1E019804135B13710053A16C /* icono.png in Resources */ = {isa = PBXBuildFile; fileRef = 1E019803135B13710053A16C /* icono.png */; };
		1E019806135B13AF0053A16C /* icono_peque.png in Resources */ = {isa = PBXBuildFile; fileRef = 1E019805135B13AF0053A16C /* icono_peque.png */; };
		1E040C7D136460010004B407 /* NoticiaCell.m in Sources */ = {isa = PBXBuildFile; fileRef = 1E040C7C136460010004B407 /* NoticiaCell.m */; };
		1E040C7F136460FB0004B407 /* NoticiaCell.xib in Resources */ = {isa = PBXBuildFile; fileRef = 1E040C7E136460FB0004B407 /* NoticiaCell.xib */; };
		1E040C8313646EFA0004B407 /* DeviantDownload.m in Sources */ = {isa = PBXBuildFile; fileRef = 1E040C8213646EFA0004B407 /* DeviantDownload.m */; };
		1E16946713602070006DE80F /* Genero.m in Sources */ = {isa = PBXBuildFile; fileRef = 1E16946613602070006DE80F /* Genero.m */; };
		1E4742F513762D4300E49025 /* foro.png in Resources */ = {isa = PBXBuildFile; fileRef = 1E4742F413762D4300E49025 /* foro.png */; };
		1E4742FA13762D9F00E49025 /* noticia.png in Resources */ = {isa = PBXBuildFile; fileRef = 1E4742F913762D9F00E49025 /* noticia.png */; };
		1E4742FC13762F4500E49025 /* series.png in Resources */ = {isa = PBXBuildFile; fileRef = 1E4742FB13762F4500E49025 /* series.png */; };
		1E47430013762FC500E49025 /* entes.png in Resources */ = {isa = PBXBuildFile; fileRef = 1E4742FF13762FC500E49025 /* entes.png */; };
		1E4743021376306800E49025 /* logros.png in Resources */ = {isa = PBXBuildFile; fileRef = 1E4743011376306800E49025 /* logros.png */; };
		1E474306137633F800E49025 /* iCarousel.m in Sources */ = {isa = PBXBuildFile; fileRef = 1E474305137633F800E49025 /* iCarousel.m */; };
		1E47430A1376353400E49025 /* SeriesController.m in Sources */ = {isa = PBXBuildFile; fileRef = 1E4743081376353400E49025 /* SeriesController.m */; };
		1E47430B1376353400E49025 /* SeriesController.xib in Resources */ = {isa = PBXBuildFile; fileRef = 1E4743091376353400E49025 /* SeriesController.xib */; };
		1E47430D1376ADBA00E49025 /* QuartzCore.framework in Frameworks */ = {isa = PBXBuildFile; fileRef = 1E47430C1376ADBA00E49025 /* QuartzCore.framework */; };
		1E4743171376B69500E49025 /* page.png in Resources */ = {isa = PBXBuildFile; fileRef = 1E4743161376B69500E49025 /* page.png */; };
		1E61E6751375B7B9003BDBE9 /* logo_barra_au.png in Resources */ = {isa = PBXBuildFile; fileRef = 1E61E6731375B7B9003BDBE9 /* logo_barra_au.png */; };
		1E61E6761375B7B9003BDBE9 /* logo_barra_au@2x.png in Resources */ = {isa = PBXBuildFile; fileRef = 1E61E6741375B7B9003BDBE9 /* logo_barra_au@2x.png */; };
		1E7FDFEF134CC30D00063CCE /* UIKit.framework in Frameworks */ = {isa = PBXBuildFile; fileRef = 1E7FDFEE134CC30D00063CCE /* UIKit.framework */; };
		1E7FDFF1134CC30D00063CCE /* Foundation.framework in Frameworks */ = {isa = PBXBuildFile; fileRef = 1E7FDFF0134CC30D00063CCE /* Foundation.framework */; };
		1E7FDFF3134CC30D00063CCE /* CoreGraphics.framework in Frameworks */ = {isa = PBXBuildFile; fileRef = 1E7FDFF2134CC30D00063CCE /* CoreGraphics.framework */; };
		1E7FDFF9134CC30D00063CCE /* InfoPlist.strings in Resources */ = {isa = PBXBuildFile; fileRef = 1E7FDFF7134CC30D00063CCE /* InfoPlist.strings */; };
		1E7FDFFC134CC30D00063CCE /* main.m in Sources */ = {isa = PBXBuildFile; fileRef = 1E7FDFFB134CC30D00063CCE /* main.m */; };
		1E7FDFFF134CC30E00063CCE /* AnimeUndergroundAppDelegate.m in Sources */ = {isa = PBXBuildFile; fileRef = 1E7FDFFE134CC30E00063CCE /* AnimeUndergroundAppDelegate.m */; };
		1E7FE002134CC30E00063CCE /* MainWindow.xib in Resources */ = {isa = PBXBuildFile; fileRef = 1E7FE000134CC30E00063CCE /* MainWindow.xib */; };
		1E7FE005134CC30E00063CCE /* RootViewController.m in Sources */ = {isa = PBXBuildFile; fileRef = 1E7FE004134CC30E00063CCE /* RootViewController.m */; };
		1E7FE008134CC30E00063CCE /* RootViewController.xib in Resources */ = {isa = PBXBuildFile; fileRef = 1E7FE006134CC30E00063CCE /* RootViewController.xib */; };
		1E83B78E13730A0700AEAB73 /* NoticiasController.m in Sources */ = {isa = PBXBuildFile; fileRef = 1E83B78C13730A0700AEAB73 /* NoticiasController.m */; };
		1E83B78F13730A0700AEAB73 /* NoticiasController.xib in Resources */ = {isa = PBXBuildFile; fileRef = 1E83B78D13730A0700AEAB73 /* NoticiasController.xib */; };
		1E83B7931373104000AEAB73 /* cargando.png in Resources */ = {isa = PBXBuildFile; fileRef = 1E83B7911373104000AEAB73 /* cargando.png */; };
		1E83B7941373104000AEAB73 /* cargando@2x.png in Resources */ = {isa = PBXBuildFile; fileRef = 1E83B7921373104000AEAB73 /* cargando@2x.png */; };
		1E9856B21359FD9300D5504A /* Imagen.m in Sources */ = {isa = PBXBuildFile; fileRef = 1E9856B11359FD9300D5504A /* Imagen.m */; };
		1E9856B6135A001200D5504A /* Descarga.m in Sources */ = {isa = PBXBuildFile; fileRef = 1E9856B5135A001200D5504A /* Descarga.m */; };
		1E9856B9135A01ED00D5504A /* Logro.m in Sources */ = {isa = PBXBuildFile; fileRef = 1E9856B8135A01EC00D5504A /* Logro.m */; };
		1EB882BF1354991A001CE8ED /* AUnder.m in Sources */ = {isa = PBXBuildFile; fileRef = 1EB882BE1354991A001CE8ED /* AUnder.m */; };
		1EB882C313549ADE001CE8ED /* Noticia.m in Sources */ = {isa = PBXBuildFile; fileRef = 1EB882C213549ADE001CE8ED /* Noticia.m */; };
		1EB882C613549BAF001CE8ED /* Ente.m in Sources */ = {isa = PBXBuildFile; fileRef = 1EB882C513549BAF001CE8ED /* Ente.m */; };
		1EB882CD13549C3B001CE8ED /* TBXML.m in Sources */ = {isa = PBXBuildFile; fileRef = 1EB882CB13549C3B001CE8ED /* TBXML.m */; };
		1EB882D81357394D001CE8ED /* Serie.m in Sources */ = {isa = PBXBuildFile; fileRef = 1EB882D71357394D001CE8ED /* Serie.m */; };
		1EB882DC13573B31001CE8ED /* CargoEnteSerie.m in Sources */ = {isa = PBXBuildFile; fileRef = 1EB882DB13573B31001CE8ED /* CargoEnteSerie.m */; };
		1EF9B80C1394074A00C42D76 /* EntesController.m in Sources */ = {isa = PBXBuildFile; fileRef = 1EF9B80A1394074A00C42D76 /* EntesController.m */; };
		1EF9B80D1394074A00C42D76 /* EntesController.xib in Resources */ = {isa = PBXBuildFile; fileRef = 1EF9B80B1394074A00C42D76 /* EntesController.xib */; };
		1EF9B811139413A200C42D76 /* ForoController.m in Sources */ = {isa = PBXBuildFile; fileRef = 1EF9B80F139413A200C42D76 /* ForoController.m */; };
		1EF9B812139413A200C42D76 /* ForoController.xib in Resources */ = {isa = PBXBuildFile; fileRef = 1EF9B810139413A200C42D76 /* ForoController.xib */; };
		1EF9B816139683DA00C42D76 /* NoticiaDetailsController.m in Sources */ = {isa = PBXBuildFile; fileRef = 1EF9B814139683D900C42D76 /* NoticiaDetailsController.m */; };
		1EF9B817139683DA00C42D76 /* NoticiaDetailsController.xib in Resources */ = {isa = PBXBuildFile; fileRef = 1EF9B815139683D900C42D76 /* NoticiaDetailsController.xib */; };
		1EF9B821139A55E900C42D76 /* user.png in Resources */ = {isa = PBXBuildFile; fileRef = 1EF9B820139A55E900C42D76 /* user.png */; };
		1EF9B823139A56C100C42D76 /* calendar_view_day.png in Resources */ = {isa = PBXBuildFile; fileRef = 1EF9B822139A56C100C42D76 /* calendar_view_day.png */; };
		1EF9B825139A889800C42D76 /* comments.png in Resources */ = {isa = PBXBuildFile; fileRef = 1EF9B824139A889800C42D76 /* comments.png */; };
		3E9854AF135F05FB00C7D987 /* NSDataAdditions.m in Sources */ = {isa = PBXBuildFile; fileRef = 3E9854AE135F05FB00C7D987 /* NSDataAdditions.m */; };
/* End PBXBuildFile section */

/* Begin PBXFileReference section */
		1E0197FF135AECD00053A16C /* Foro.h */ = {isa = PBXFileReference; fileEncoding = 4; lastKnownFileType = sourcecode.c.h; path = Foro.h; sourceTree = "<group>"; };
		1E019800135AECD00053A16C /* Foro.m */ = {isa = PBXFileReference; fileEncoding = 4; lastKnownFileType = sourcecode.c.objc; path = Foro.m; sourceTree = "<group>"; };
		1E019803135B13710053A16C /* icono.png */ = {isa = PBXFileReference; lastKnownFileType = image.png; path = icono.png; sourceTree = "<group>"; };
		1E019805135B13AF0053A16C /* icono_peque.png */ = {isa = PBXFileReference; lastKnownFileType = image.png; path = icono_peque.png; sourceTree = "<group>"; };
		1E040C7B136460010004B407 /* NoticiaCell.h */ = {isa = PBXFileReference; fileEncoding = 4; lastKnownFileType = sourcecode.c.h; path = NoticiaCell.h; sourceTree = "<group>"; };
		1E040C7C136460010004B407 /* NoticiaCell.m */ = {isa = PBXFileReference; fileEncoding = 4; lastKnownFileType = sourcecode.c.objc; path = NoticiaCell.m; sourceTree = "<group>"; };
		1E040C7E136460FB0004B407 /* NoticiaCell.xib */ = {isa = PBXFileReference; fileEncoding = 4; lastKnownFileType = file.xib; path = NoticiaCell.xib; sourceTree = "<group>"; };
		1E040C8113646EFA0004B407 /* DeviantDownload.h */ = {isa = PBXFileReference; fileEncoding = 4; lastKnownFileType = sourcecode.c.h; path = DeviantDownload.h; sourceTree = "<group>"; };
		1E040C8213646EFA0004B407 /* DeviantDownload.m */ = {isa = PBXFileReference; fileEncoding = 4; lastKnownFileType = sourcecode.c.objc; path = DeviantDownload.m; sourceTree = "<group>"; };
		1E16946513602070006DE80F /* Genero.h */ = {isa = PBXFileReference; fileEncoding = 4; lastKnownFileType = sourcecode.c.h; path = Genero.h; sourceTree = "<group>"; };
		1E16946613602070006DE80F /* Genero.m */ = {isa = PBXFileReference; fileEncoding = 4; lastKnownFileType = sourcecode.c.objc; path = Genero.m; sourceTree = "<group>"; };
		1E4742F413762D4300E49025 /* foro.png */ = {isa = PBXFileReference; lastKnownFileType = image.png; path = foro.png; sourceTree = "<group>"; };
		1E4742F913762D9F00E49025 /* noticia.png */ = {isa = PBXFileReference; lastKnownFileType = image.png; path = noticia.png; sourceTree = "<group>"; };
		1E4742FB13762F4500E49025 /* series.png */ = {isa = PBXFileReference; lastKnownFileType = image.png; path = series.png; sourceTree = "<group>"; };
		1E4742FF13762FC500E49025 /* entes.png */ = {isa = PBXFileReference; lastKnownFileType = image.png; path = entes.png; sourceTree = "<group>"; };
		1E4743011376306800E49025 /* logros.png */ = {isa = PBXFileReference; lastKnownFileType = image.png; path = logros.png; sourceTree = "<group>"; };
		1E474304137633F800E49025 /* iCarousel.h */ = {isa = PBXFileReference; fileEncoding = 4; lastKnownFileType = sourcecode.c.h; path = iCarousel.h; sourceTree = "<group>"; };
		1E474305137633F800E49025 /* iCarousel.m */ = {isa = PBXFileReference; fileEncoding = 4; lastKnownFileType = sourcecode.c.objc; path = iCarousel.m; sourceTree = "<group>"; };
		1E4743071376353400E49025 /* SeriesController.h */ = {isa = PBXFileReference; fileEncoding = 4; lastKnownFileType = sourcecode.c.h; path = SeriesController.h; sourceTree = "<group>"; };
		1E4743081376353400E49025 /* SeriesController.m */ = {isa = PBXFileReference; fileEncoding = 4; lastKnownFileType = sourcecode.c.objc; path = SeriesController.m; sourceTree = "<group>"; };
		1E4743091376353400E49025 /* SeriesController.xib */ = {isa = PBXFileReference; fileEncoding = 4; lastKnownFileType = file.xib; path = SeriesController.xib; sourceTree = "<group>"; };
		1E47430C1376ADBA00E49025 /* QuartzCore.framework */ = {isa = PBXFileReference; lastKnownFileType = wrapper.framework; name = QuartzCore.framework; path = System/Library/Frameworks/QuartzCore.framework; sourceTree = SDKROOT; };
		1E4743161376B69500E49025 /* page.png */ = {isa = PBXFileReference; lastKnownFileType = image.png; name = page.png; path = "../../Downloads/demosthenese-iCarousel-8ac382b/iCarouselExample/page.png"; sourceTree = "<group>"; };
		1E61E6731375B7B9003BDBE9 /* logo_barra_au.png */ = {isa = PBXFileReference; lastKnownFileType = image.png; path = logo_barra_au.png; sourceTree = "<group>"; };
		1E61E6741375B7B9003BDBE9 /* logo_barra_au@2x.png */ = {isa = PBXFileReference; lastKnownFileType = image.png; path = "logo_barra_au@2x.png"; sourceTree = "<group>"; };
		1E7FDFEA134CC30D00063CCE /* AnimeUnderground.app */ = {isa = PBXFileReference; explicitFileType = wrapper.application; includeInIndex = 0; path = AnimeUnderground.app; sourceTree = BUILT_PRODUCTS_DIR; };
		1E7FDFEE134CC30D00063CCE /* UIKit.framework */ = {isa = PBXFileReference; lastKnownFileType = wrapper.framework; name = UIKit.framework; path = System/Library/Frameworks/UIKit.framework; sourceTree = SDKROOT; };
		1E7FDFF0134CC30D00063CCE /* Foundation.framework */ = {isa = PBXFileReference; lastKnownFileType = wrapper.framework; name = Foundation.framework; path = System/Library/Frameworks/Foundation.framework; sourceTree = SDKROOT; };
		1E7FDFF2134CC30D00063CCE /* CoreGraphics.framework */ = {isa = PBXFileReference; lastKnownFileType = wrapper.framework; name = CoreGraphics.framework; path = System/Library/Frameworks/CoreGraphics.framework; sourceTree = SDKROOT; };
		1E7FDFF6134CC30D00063CCE /* AnimeUnderground-Info.plist */ = {isa = PBXFileReference; lastKnownFileType = text.plist.xml; path = "AnimeUnderground-Info.plist"; sourceTree = "<group>"; };
		1E7FDFF8134CC30D00063CCE /* en */ = {isa = PBXFileReference; lastKnownFileType = text.plist.strings; name = en; path = en.lproj/InfoPlist.strings; sourceTree = "<group>"; };
		1E7FDFFA134CC30D00063CCE /* AnimeUnderground-Prefix.pch */ = {isa = PBXFileReference; lastKnownFileType = sourcecode.c.h; path = "AnimeUnderground-Prefix.pch"; sourceTree = "<group>"; };
		1E7FDFFB134CC30D00063CCE /* main.m */ = {isa = PBXFileReference; lastKnownFileType = sourcecode.c.objc; path = main.m; sourceTree = "<group>"; };
		1E7FDFFD134CC30E00063CCE /* AnimeUndergroundAppDelegate.h */ = {isa = PBXFileReference; lastKnownFileType = sourcecode.c.h; path = AnimeUndergroundAppDelegate.h; sourceTree = "<group>"; };
		1E7FDFFE134CC30E00063CCE /* AnimeUndergroundAppDelegate.m */ = {isa = PBXFileReference; lastKnownFileType = sourcecode.c.objc; path = AnimeUndergroundAppDelegate.m; sourceTree = "<group>"; };
		1E7FE001134CC30E00063CCE /* en */ = {isa = PBXFileReference; lastKnownFileType = file.xib; name = en; path = en.lproj/MainWindow.xib; sourceTree = "<group>"; };
		1E7FE003134CC30E00063CCE /* RootViewController.h */ = {isa = PBXFileReference; lastKnownFileType = sourcecode.c.h; path = RootViewController.h; sourceTree = "<group>"; };
		1E7FE004134CC30E00063CCE /* RootViewController.m */ = {isa = PBXFileReference; lastKnownFileType = sourcecode.c.objc; path = RootViewController.m; sourceTree = "<group>"; };
		1E7FE007134CC30E00063CCE /* en */ = {isa = PBXFileReference; lastKnownFileType = file.xib; name = en; path = en.lproj/RootViewController.xib; sourceTree = "<group>"; };
		1E83B78B13730A0700AEAB73 /* NoticiasController.h */ = {isa = PBXFileReference; fileEncoding = 4; lastKnownFileType = sourcecode.c.h; path = NoticiasController.h; sourceTree = "<group>"; };
		1E83B78C13730A0700AEAB73 /* NoticiasController.m */ = {isa = PBXFileReference; fileEncoding = 4; lastKnownFileType = sourcecode.c.objc; path = NoticiasController.m; sourceTree = "<group>"; };
		1E83B78D13730A0700AEAB73 /* NoticiasController.xib */ = {isa = PBXFileReference; fileEncoding = 4; lastKnownFileType = file.xib; path = NoticiasController.xib; sourceTree = "<group>"; };
		1E83B7911373104000AEAB73 /* cargando.png */ = {isa = PBXFileReference; lastKnownFileType = image.png; path = cargando.png; sourceTree = "<group>"; };
		1E83B7921373104000AEAB73 /* cargando@2x.png */ = {isa = PBXFileReference; lastKnownFileType = image.png; path = "cargando@2x.png"; sourceTree = "<group>"; };
		1E9856B01359FD9300D5504A /* Imagen.h */ = {isa = PBXFileReference; fileEncoding = 4; lastKnownFileType = sourcecode.c.h; path = Imagen.h; sourceTree = "<group>"; };
		1E9856B11359FD9300D5504A /* Imagen.m */ = {isa = PBXFileReference; fileEncoding = 4; lastKnownFileType = sourcecode.c.objc; path = Imagen.m; sourceTree = "<group>"; };
		1E9856B4135A001200D5504A /* Descarga.h */ = {isa = PBXFileReference; fileEncoding = 4; lastKnownFileType = sourcecode.c.h; path = Descarga.h; sourceTree = "<group>"; };
		1E9856B5135A001200D5504A /* Descarga.m */ = {isa = PBXFileReference; fileEncoding = 4; lastKnownFileType = sourcecode.c.objc; path = Descarga.m; sourceTree = "<group>"; };
		1E9856B7135A01EC00D5504A /* Logro.h */ = {isa = PBXFileReference; fileEncoding = 4; lastKnownFileType = sourcecode.c.h; path = Logro.h; sourceTree = "<group>"; };
		1E9856B8135A01EC00D5504A /* Logro.m */ = {isa = PBXFileReference; fileEncoding = 4; lastKnownFileType = sourcecode.c.objc; path = Logro.m; sourceTree = "<group>"; };
		1EB882BD1354991A001CE8ED /* AUnder.h */ = {isa = PBXFileReference; fileEncoding = 4; lastKnownFileType = sourcecode.c.h; path = AUnder.h; sourceTree = "<group>"; };
		1EB882BE1354991A001CE8ED /* AUnder.m */ = {isa = PBXFileReference; fileEncoding = 4; lastKnownFileType = sourcecode.c.objc; path = AUnder.m; sourceTree = "<group>"; };
		1EB882C113549ADE001CE8ED /* Noticia.h */ = {isa = PBXFileReference; fileEncoding = 4; lastKnownFileType = sourcecode.c.h; path = Noticia.h; sourceTree = "<group>"; };
		1EB882C213549ADE001CE8ED /* Noticia.m */ = {isa = PBXFileReference; fileEncoding = 4; lastKnownFileType = sourcecode.c.objc; path = Noticia.m; sourceTree = "<group>"; };
		1EB882C413549BAF001CE8ED /* Ente.h */ = {isa = PBXFileReference; fileEncoding = 4; lastKnownFileType = sourcecode.c.h; path = Ente.h; sourceTree = "<group>"; };
		1EB882C513549BAF001CE8ED /* Ente.m */ = {isa = PBXFileReference; fileEncoding = 4; lastKnownFileType = sourcecode.c.objc; path = Ente.m; sourceTree = "<group>"; };
		1EB882CA13549C3B001CE8ED /* TBXML.h */ = {isa = PBXFileReference; fileEncoding = 4; lastKnownFileType = sourcecode.c.h; path = TBXML.h; sourceTree = "<group>"; };
		1EB882CB13549C3B001CE8ED /* TBXML.m */ = {isa = PBXFileReference; fileEncoding = 4; lastKnownFileType = sourcecode.c.objc; path = TBXML.m; sourceTree = "<group>"; };
		1EB882D61357394D001CE8ED /* Serie.h */ = {isa = PBXFileReference; fileEncoding = 4; lastKnownFileType = sourcecode.c.h; path = Serie.h; sourceTree = "<group>"; };
		1EB882D71357394D001CE8ED /* Serie.m */ = {isa = PBXFileReference; fileEncoding = 4; lastKnownFileType = sourcecode.c.objc; path = Serie.m; sourceTree = "<group>"; };
		1EB882DA13573B31001CE8ED /* CargoEnteSerie.h */ = {isa = PBXFileReference; fileEncoding = 4; lastKnownFileType = sourcecode.c.h; path = CargoEnteSerie.h; sourceTree = "<group>"; };
		1EB882DB13573B31001CE8ED /* CargoEnteSerie.m */ = {isa = PBXFileReference; fileEncoding = 4; lastKnownFileType = sourcecode.c.objc; path = CargoEnteSerie.m; sourceTree = "<group>"; };
		1EF9B8091394074A00C42D76 /* EntesController.h */ = {isa = PBXFileReference; fileEncoding = 4; lastKnownFileType = sourcecode.c.h; path = EntesController.h; sourceTree = "<group>"; };
		1EF9B80A1394074A00C42D76 /* EntesController.m */ = {isa = PBXFileReference; fileEncoding = 4; lastKnownFileType = sourcecode.c.objc; path = EntesController.m; sourceTree = "<group>"; };
		1EF9B80B1394074A00C42D76 /* EntesController.xib */ = {isa = PBXFileReference; fileEncoding = 4; lastKnownFileType = file.xib; path = EntesController.xib; sourceTree = "<group>"; };
		1EF9B80E139413A200C42D76 /* ForoController.h */ = {isa = PBXFileReference; fileEncoding = 4; lastKnownFileType = sourcecode.c.h; path = ForoController.h; sourceTree = "<group>"; };
		1EF9B80F139413A200C42D76 /* ForoController.m */ = {isa = PBXFileReference; fileEncoding = 4; lastKnownFileType = sourcecode.c.objc; path = ForoController.m; sourceTree = "<group>"; };
		1EF9B810139413A200C42D76 /* ForoController.xib */ = {isa = PBXFileReference; fileEncoding = 4; lastKnownFileType = file.xib; path = ForoController.xib; sourceTree = "<group>"; };
		1EF9B813139683D900C42D76 /* NoticiaDetailsController.h */ = {isa = PBXFileReference; fileEncoding = 4; lastKnownFileType = sourcecode.c.h; path = NoticiaDetailsController.h; sourceTree = "<group>"; };
		1EF9B814139683D900C42D76 /* NoticiaDetailsController.m */ = {isa = PBXFileReference; fileEncoding = 4; lastKnownFileType = sourcecode.c.objc; path = NoticiaDetailsController.m; sourceTree = "<group>"; };
		1EF9B815139683D900C42D76 /* NoticiaDetailsController.xib */ = {isa = PBXFileReference; fileEncoding = 4; lastKnownFileType = file.xib; path = NoticiaDetailsController.xib; sourceTree = "<group>"; };
		1EF9B820139A55E900C42D76 /* user.png */ = {isa = PBXFileReference; lastKnownFileType = image.png; path = user.png; sourceTree = "<group>"; };
		1EF9B822139A56C100C42D76 /* calendar_view_day.png */ = {isa = PBXFileReference; lastKnownFileType = image.png; path = calendar_view_day.png; sourceTree = "<group>"; };
		1EF9B824139A889800C42D76 /* comments.png */ = {isa = PBXFileReference; lastKnownFileType = image.png; path = comments.png; sourceTree = "<group>"; };
		3E9854AD135F05FB00C7D987 /* NSDataAdditions.h */ = {isa = PBXFileReference; fileEncoding = 4; lastKnownFileType = sourcecode.c.h; path = NSDataAdditions.h; sourceTree = "<group>"; };
		3E9854AE135F05FB00C7D987 /* NSDataAdditions.m */ = {isa = PBXFileReference; fileEncoding = 4; lastKnownFileType = sourcecode.c.objc; path = NSDataAdditions.m; sourceTree = "<group>"; };
/* End PBXFileReference section */

/* Begin PBXFrameworksBuildPhase section */
		1E7FDFE7134CC30D00063CCE /* Frameworks */ = {
			isa = PBXFrameworksBuildPhase;
			buildActionMask = 2147483647;
			files = (
				1E47430D1376ADBA00E49025 /* QuartzCore.framework in Frameworks */,
				1E7FDFEF134CC30D00063CCE /* UIKit.framework in Frameworks */,
				1E7FDFF1134CC30D00063CCE /* Foundation.framework in Frameworks */,
				1E7FDFF3134CC30D00063CCE /* CoreGraphics.framework in Frameworks */,
			);
			runOnlyForDeploymentPostprocessing = 0;
		};
/* End PBXFrameworksBuildPhase section */

/* Begin PBXGroup section */
		1E040C7913645F900004B407 /* Celdas */ = {
			isa = PBXGroup;
			children = (
				1E040C7B136460010004B407 /* NoticiaCell.h */,
				1E040C7C136460010004B407 /* NoticiaCell.m */,
			);
			name = Celdas;
			sourceTree = "<group>";
		};
		1E040C8013646EE70004B407 /* Utiles */ = {
			isa = PBXGroup;
			children = (
				1E040C8113646EFA0004B407 /* DeviantDownload.h */,
				1E040C8213646EFA0004B407 /* DeviantDownload.m */,
			);
			name = Utiles;
			sourceTree = "<group>";
		};
		1E25AEB2134F9C30007C68FF /* Logica */ = {
			isa = PBXGroup;
			children = (
				1EB882BD1354991A001CE8ED /* AUnder.h */,
				1EB882BE1354991A001CE8ED /* AUnder.m */,
				1EB882C113549ADE001CE8ED /* Noticia.h */,
				1EB882C213549ADE001CE8ED /* Noticia.m */,
				1EB882C413549BAF001CE8ED /* Ente.h */,
				1EB882C513549BAF001CE8ED /* Ente.m */,
				1EB882D61357394D001CE8ED /* Serie.h */,
				1EB882D71357394D001CE8ED /* Serie.m */,
				1EB882DA13573B31001CE8ED /* CargoEnteSerie.h */,
				1EB882DB13573B31001CE8ED /* CargoEnteSerie.m */,
				1E9856B01359FD9300D5504A /* Imagen.h */,
				1E9856B11359FD9300D5504A /* Imagen.m */,
				1E9856B4135A001200D5504A /* Descarga.h */,
				1E9856B5135A001200D5504A /* Descarga.m */,
				1E9856B7135A01EC00D5504A /* Logro.h */,
				1E9856B8135A01EC00D5504A /* Logro.m */,
				1E0197FF135AECD00053A16C /* Foro.h */,
				1E019800135AECD00053A16C /* Foro.m */,
				1E16946513602070006DE80F /* Genero.h */,
				1E16946613602070006DE80F /* Genero.m */,
			);
			name = Logica;
			sourceTree = "<group>";
		};
		1E25AEB4134F9C4F007C68FF /* Presentacion */ = {
			isa = PBXGroup;
			children = (
				1EF9B815139683D900C42D76 /* NoticiaDetailsController.xib */,
				1EF9B810139413A200C42D76 /* ForoController.xib */,
				1E83B78D13730A0700AEAB73 /* NoticiasController.xib */,
				1EF9B80B1394074A00C42D76 /* EntesController.xib */,
				1E7FE006134CC30E00063CCE /* RootViewController.xib */,
				1E4743091376353400E49025 /* SeriesController.xib */,
				1E7FE000134CC30E00063CCE /* MainWindow.xib */,
				1E040C7E136460FB0004B407 /* NoticiaCell.xib */,
			);
			name = Presentacion;
			sourceTree = "<group>";
		};
		1E25AEB5134F9C8B007C68FF /* Controladores */ = {
			isa = PBXGroup;
			children = (
				1E7FDFFD134CC30E00063CCE /* AnimeUndergroundAppDelegate.h */,
				1E7FDFFE134CC30E00063CCE /* AnimeUndergroundAppDelegate.m */,
				1E7FE003134CC30E00063CCE /* RootViewController.h */,
				1E7FE004134CC30E00063CCE /* RootViewController.m */,
				1E83B78B13730A0700AEAB73 /* NoticiasController.h */,
				1E83B78C13730A0700AEAB73 /* NoticiasController.m */,
				1E4743071376353400E49025 /* SeriesController.h */,
				1E4743081376353400E49025 /* SeriesController.m */,
				1EF9B8091394074A00C42D76 /* EntesController.h */,
				1EF9B80A1394074A00C42D76 /* EntesController.m */,
				1EF9B80E139413A200C42D76 /* ForoController.h */,
				1EF9B80F139413A200C42D76 /* ForoController.m */,
				1EF9B813139683D900C42D76 /* NoticiaDetailsController.h */,
				1EF9B814139683D900C42D76 /* NoticiaDetailsController.m */,
			);
			name = Controladores;
			sourceTree = "<group>";
		};
		1E474303137633F800E49025 /* iCarousel */ = {
			isa = PBXGroup;
			children = (
				1E474304137633F800E49025 /* iCarousel.h */,
				1E474305137633F800E49025 /* iCarousel.m */,
			);
			path = iCarousel;
			sourceTree = "<group>";
		};
		1E7FDFDF134CC30B00063CCE = {
			isa = PBXGroup;
			children = (
				1E019805135B13AF0053A16C /* icono_peque.png */,
				1E019803135B13710053A16C /* icono.png */,
				1E7FDFF4134CC30D00063CCE /* AnimeUnderground */,
				1E7FDFED134CC30D00063CCE /* Frameworks */,
				1E7FDFEB134CC30D00063CCE /* Products */,
			);
			sourceTree = "<group>";
		};
		1E7FDFEB134CC30D00063CCE /* Products */ = {
			isa = PBXGroup;
			children = (
				1E7FDFEA134CC30D00063CCE /* AnimeUnderground.app */,
			);
			name = Products;
			sourceTree = "<group>";
		};
		1E7FDFED134CC30D00063CCE /* Frameworks */ = {
			isa = PBXGroup;
			children = (
				1E47430C1376ADBA00E49025 /* QuartzCore.framework */,
				1E7FDFEE134CC30D00063CCE /* UIKit.framework */,
				1E7FDFF0134CC30D00063CCE /* Foundation.framework */,
				1E7FDFF2134CC30D00063CCE /* CoreGraphics.framework */,
			);
			name = Frameworks;
			sourceTree = "<group>";
		};
		1E7FDFF4134CC30D00063CCE /* AnimeUnderground */ = {
			isa = PBXGroup;
			children = (
				1E474303137633F800E49025 /* iCarousel */,
				1E83B7951373104A00AEAB73 /* Imagenes */,
				1E040C8013646EE70004B407 /* Utiles */,
				1E040C7913645F900004B407 /* Celdas */,
				1EB882C713549C3B001CE8ED /* TBXML */,
				1E25AEB5134F9C8B007C68FF /* Controladores */,
				1E25AEB4134F9C4F007C68FF /* Presentacion */,
				1E25AEB2134F9C30007C68FF /* Logica */,
				1E7FDFF5134CC30D00063CCE /* Supporting Files */,
			);
			path = AnimeUnderground;
			sourceTree = "<group>";
		};
		1E7FDFF5134CC30D00063CCE /* Supporting Files */ = {
			isa = PBXGroup;
			children = (
				1E7FDFF6134CC30D00063CCE /* AnimeUnderground-Info.plist */,
				1E7FDFF7134CC30D00063CCE /* InfoPlist.strings */,
				1E7FDFFA134CC30D00063CCE /* AnimeUnderground-Prefix.pch */,
				1E7FDFFB134CC30D00063CCE /* main.m */,
			);
			name = "Supporting Files";
			sourceTree = "<group>";
		};
		1E83B7951373104A00AEAB73 /* Imagenes */ = {
			isa = PBXGroup;
			children = (
				1EF9B824139A889800C42D76 /* comments.png */,
				1E4743161376B69500E49025 /* page.png */,
				1EF9B822139A56C100C42D76 /* calendar_view_day.png */,
				1EF9B820139A55E900C42D76 /* user.png */,
				1E61E6731375B7B9003BDBE9 /* logo_barra_au.png */,
				1E61E6741375B7B9003BDBE9 /* logo_barra_au@2x.png */,
				1E4742F413762D4300E49025 /* foro.png */,
				1E4742FB13762F4500E49025 /* series.png */,
				1E4742FF13762FC500E49025 /* entes.png */,
				1E4742F913762D9F00E49025 /* noticia.png */,
				1E4743011376306800E49025 /* logros.png */,
				1E83B7911373104000AEAB73 /* cargando.png */,
				1E83B7921373104000AEAB73 /* cargando@2x.png */,
			);
			name = Imagenes;
			path = ..;
			sourceTree = "<group>";
		};
		1EB882C713549C3B001CE8ED /* TBXML */ = {
			isa = PBXGroup;
			children = (
				3E9854AD135F05FB00C7D987 /* NSDataAdditions.h */,
				3E9854AE135F05FB00C7D987 /* NSDataAdditions.m */,
				1EB882CA13549C3B001CE8ED /* TBXML.h */,
				1EB882CB13549C3B001CE8ED /* TBXML.m */,
			);
			path = TBXML;
			sourceTree = "<group>";
		};
/* End PBXGroup section */

/* Begin PBXNativeTarget section */
		1E7FDFE9134CC30D00063CCE /* AnimeUnderground */ = {
			isa = PBXNativeTarget;
			buildConfigurationList = 1E7FE00B134CC30E00063CCE /* Build configuration list for PBXNativeTarget "AnimeUnderground" */;
			buildPhases = (
				1E7FDFE6134CC30D00063CCE /* Sources */,
				1E7FDFE7134CC30D00063CCE /* Frameworks */,
				1E7FDFE8134CC30D00063CCE /* Resources */,
			);
			buildRules = (
			);
			dependencies = (
			);
			name = AnimeUnderground;
			productName = AnimeUnderground;
			productReference = 1E7FDFEA134CC30D00063CCE /* AnimeUnderground.app */;
			productType = "com.apple.product-type.application";
		};
/* End PBXNativeTarget section */

/* Begin PBXProject section */
		1E7FDFE1134CC30B00063CCE /* Project object */ = {
			isa = PBXProject;
			buildConfigurationList = 1E7FDFE4134CC30B00063CCE /* Build configuration list for PBXProject "AnimeUnderground" */;
			compatibilityVersion = "Xcode 3.2";
			developmentRegion = English;
			hasScannedForEncodings = 0;
			knownRegions = (
				en,
			);
			mainGroup = 1E7FDFDF134CC30B00063CCE;
			productRefGroup = 1E7FDFEB134CC30D00063CCE /* Products */;
			projectDirPath = "";
			projectRoot = "";
			targets = (
				1E7FDFE9134CC30D00063CCE /* AnimeUnderground */,
			);
		};
/* End PBXProject section */

/* Begin PBXResourcesBuildPhase section */
		1E7FDFE8134CC30D00063CCE /* Resources */ = {
			isa = PBXResourcesBuildPhase;
			buildActionMask = 2147483647;
			files = (
				1E7FDFF9134CC30D00063CCE /* InfoPlist.strings in Resources */,
				1E7FE002134CC30E00063CCE /* MainWindow.xib in Resources */,
				1E7FE008134CC30E00063CCE /* RootViewController.xib in Resources */,
				1E019804135B13710053A16C /* icono.png in Resources */,
				1E019806135B13AF0053A16C /* icono_peque.png in Resources */,
				1E040C7F136460FB0004B407 /* NoticiaCell.xib in Resources */,
				1E83B78F13730A0700AEAB73 /* NoticiasController.xib in Resources */,
				1E83B7931373104000AEAB73 /* cargando.png in Resources */,
				1E83B7941373104000AEAB73 /* cargando@2x.png in Resources */,
				1E61E6751375B7B9003BDBE9 /* logo_barra_au.png in Resources */,
				1E61E6761375B7B9003BDBE9 /* logo_barra_au@2x.png in Resources */,
				1E4742F513762D4300E49025 /* foro.png in Resources */,
				1E4742FA13762D9F00E49025 /* noticia.png in Resources */,
				1E4742FC13762F4500E49025 /* series.png in Resources */,
				1E47430013762FC500E49025 /* entes.png in Resources */,
				1E4743021376306800E49025 /* logros.png in Resources */,
				1E47430B1376353400E49025 /* SeriesController.xib in Resources */,
				1E4743171376B69500E49025 /* page.png in Resources */,
				1EF9B80D1394074A00C42D76 /* EntesController.xib in Resources */,
				1EF9B812139413A200C42D76 /* ForoController.xib in Resources */,
				1EF9B817139683DA00C42D76 /* NoticiaDetailsController.xib in Resources */,
				1EF9B821139A55E900C42D76 /* user.png in Resources */,
				1EF9B823139A56C100C42D76 /* calendar_view_day.png in Resources */,
				1EF9B825139A889800C42D76 /* comments.png in Resources */,
			);
			runOnlyForDeploymentPostprocessing = 0;
		};
/* End PBXResourcesBuildPhase section */

/* Begin PBXSourcesBuildPhase section */
		1E7FDFE6134CC30D00063CCE /* Sources */ = {
			isa = PBXSourcesBuildPhase;
			buildActionMask = 2147483647;
			files = (
				1E7FDFFC134CC30D00063CCE /* main.m in Sources */,
				1E7FDFFF134CC30E00063CCE /* AnimeUndergroundAppDelegate.m in Sources */,
				1E7FE005134CC30E00063CCE /* RootViewController.m in Sources */,
				1EB882BF1354991A001CE8ED /* AUnder.m in Sources */,
				1EB882C313549ADE001CE8ED /* Noticia.m in Sources */,
				1EB882C613549BAF001CE8ED /* Ente.m in Sources */,
				1EB882CD13549C3B001CE8ED /* TBXML.m in Sources */,
				1EB882D81357394D001CE8ED /* Serie.m in Sources */,
				1EB882DC13573B31001CE8ED /* CargoEnteSerie.m in Sources */,
				1E9856B21359FD9300D5504A /* Imagen.m in Sources */,
				1E9856B6135A001200D5504A /* Descarga.m in Sources */,
				1E9856B9135A01ED00D5504A /* Logro.m in Sources */,
				1E019801135AECD00053A16C /* Foro.m in Sources */,
				3E9854AF135F05FB00C7D987 /* NSDataAdditions.m in Sources */,
				1E16946713602070006DE80F /* Genero.m in Sources */,
				1E040C7D136460010004B407 /* NoticiaCell.m in Sources */,
				1E040C8313646EFA0004B407 /* DeviantDownload.m in Sources */,
				1E83B78E13730A0700AEAB73 /* NoticiasController.m in Sources */,
				1E474306137633F800E49025 /* iCarousel.m in Sources */,
				1E47430A1376353400E49025 /* SeriesController.m in Sources */,
				1EF9B80C1394074A00C42D76 /* EntesController.m in Sources */,
				1EF9B811139413A200C42D76 /* ForoController.m in Sources */,
				1EF9B816139683DA00C42D76 /* NoticiaDetailsController.m in Sources */,
			);
			runOnlyForDeploymentPostprocessing = 0;
		};
/* End PBXSourcesBuildPhase section */

/* Begin PBXVariantGroup section */
		1E7FDFF7134CC30D00063CCE /* InfoPlist.strings */ = {
			isa = PBXVariantGroup;
			children = (
				1E7FDFF8134CC30D00063CCE /* en */,
			);
			name = InfoPlist.strings;
			sourceTree = "<group>";
		};
		1E7FE000134CC30E00063CCE /* MainWindow.xib */ = {
			isa = PBXVariantGroup;
			children = (
				1E7FE001134CC30E00063CCE /* en */,
			);
			name = MainWindow.xib;
			sourceTree = "<group>";
		};
		1E7FE006134CC30E00063CCE /* RootViewController.xib */ = {
			isa = PBXVariantGroup;
			children = (
				1E7FE007134CC30E00063CCE /* en */,
			);
			name = RootViewController.xib;
			sourceTree = "<group>";
		};
/* End PBXVariantGroup section */

/* Begin XCBuildConfiguration section */
		1E7FE009134CC30E00063CCE /* Debug */ = {
			isa = XCBuildConfiguration;
			buildSettings = {
				ARCHS = "$(ARCHS_STANDARD_32_BIT)";
				"CODE_SIGN_IDENTITY[sdk=iphoneos*]" = "iPhone Developer";
				GCC_C_LANGUAGE_STANDARD = gnu99;
				GCC_OPTIMIZATION_LEVEL = 0;
				GCC_PREPROCESSOR_DEFINITIONS = DEBUG;
				GCC_SYMBOLS_PRIVATE_EXTERN = NO;
				GCC_VERSION = "";
				GCC_WARN_ABOUT_RETURN_TYPE = YES;
				GCC_WARN_UNUSED_VARIABLE = YES;
				IPHONEOS_DEPLOYMENT_TARGET = 4.3;
				ONLY_ACTIVE_ARCH = NO;
				SDKROOT = iphoneos;
			};
			name = Debug;
		};
		1E7FE00A134CC30E00063CCE /* Release */ = {
			isa = XCBuildConfiguration;
			buildSettings = {
				ARCHS = "$(ARCHS_STANDARD_32_BIT)";
				"CODE_SIGN_IDENTITY[sdk=iphoneos*]" = "iPhone Developer";
				GCC_C_LANGUAGE_STANDARD = gnu99;
				GCC_VERSION = "";
				GCC_WARN_ABOUT_RETURN_TYPE = YES;
				GCC_WARN_UNUSED_VARIABLE = YES;
				IPHONEOS_DEPLOYMENT_TARGET = 4.3;
				ONLY_ACTIVE_ARCH = NO;
				OTHER_CFLAGS = "-DNS_BLOCK_ASSERTIONS=1";
				SDKROOT = iphoneos;
			};
			name = Release;
		};
		1E7FE00C134CC30E00063CCE /* Debug */ = {
			isa = XCBuildConfiguration;
			buildSettings = {
				ALWAYS_SEARCH_USER_PATHS = NO;
				COPY_PHASE_STRIP = NO;
				GCC_DYNAMIC_NO_PIC = NO;
				GCC_PRECOMPILE_PREFIX_HEADER = YES;
				GCC_PREFIX_HEADER = "AnimeUnderground/AnimeUnderground-Prefix.pch";
				INFOPLIST_FILE = "AnimeUnderground/AnimeUnderground-Info.plist";
				IPHONEOS_DEPLOYMENT_TARGET = 4.3;
				PRODUCT_NAME = "$(TARGET_NAME)";
				TARGETED_DEVICE_FAMILY = 1;
				WRAPPER_EXTENSION = app;
			};
			name = Debug;
		};
		1E7FE00D134CC30E00063CCE /* Release */ = {
			isa = XCBuildConfiguration;
			buildSettings = {
				ALWAYS_SEARCH_USER_PATHS = NO;
				COPY_PHASE_STRIP = YES;
				GCC_PRECOMPILE_PREFIX_HEADER = YES;
				GCC_PREFIX_HEADER = "AnimeUnderground/AnimeUnderground-Prefix.pch";
				INFOPLIST_FILE = "AnimeUnderground/AnimeUnderground-Info.plist";
				IPHONEOS_DEPLOYMENT_TARGET = 4.3;
				PRODUCT_NAME = "$(TARGET_NAME)";
				TARGETED_DEVICE_FAMILY = 1;
				VALIDATE_PRODUCT = YES;
				WRAPPER_EXTENSION = app;
			};
			name = Release;
		};
/* End XCBuildConfiguration section */

/* Begin XCConfigurationList section */
		1E7FDFE4134CC30B00063CCE /* Build configuration list for PBXProject "AnimeUnderground" */ = {
			isa = XCConfigurationList;
			buildConfigurations = (
				1E7FE009134CC30E00063CCE /* Debug */,
				1E7FE00A134CC30E00063CCE /* Release */,
			);
			defaultConfigurationIsVisible = 0;
			defaultConfigurationName = Release;
		};
		1E7FE00B134CC30E00063CCE /* Build configuration list for PBXNativeTarget "AnimeUnderground" */ = {
			isa = XCConfigurationList;
			buildConfigurations = (
				1E7FE00C134CC30E00063CCE /* Debug */,
				1E7FE00D134CC30E00063CCE /* Release */,
			);
			defaultConfigurationIsVisible = 0;
			defaultConfigurationName = Release;
		};
/* End XCConfigurationList section */
	};
	rootObject = 1E7FDFE1134CC30B00063CCE /* Project object */;
}
